{"SurveyEntry":{"SurveyID":"SV_74dFf2tiNtOnHn0","SurveyName":"Speech Synthesis","SurveyDescription":null,"SurveyOwnerID":"UR_0214BvYuM7MXX4q","SurveyBrandID":"edinburghinformatics","DivisionID":null,"SurveyLanguage":"EN","SurveyActiveResponseSet":"RS_0qbiCQCdV59krAi","SurveyStatus":"Inactive","SurveyStartDate":"0000-00-00 00:00:00","SurveyExpirationDate":"0000-00-00 00:00:00","SurveyCreationDate":"2023-04-09 15:40:11","CreatorID":"UR_0214BvYuM7MXX4q","LastModified":"2023-06-26 09:53:38","LastAccessed":"0000-00-00 00:00:00","LastActivated":"2023-04-09 19:08:03","Deleted":null},"SurveyElements":[{"SurveyID":"SV_74dFf2tiNtOnHn0","Element":"BL","PrimaryAttribute":"Survey Blocks","SecondaryAttribute":null,"TertiaryAttribute":null,"Payload":[{"Type":"Default","Description":"Test 1","ID":"BL_bx6vlrQ07VkqhRs","BlockElements":[{"Type":"Question","QuestionID":"QID1"},{"Type":"Question","QuestionID":"QID2"},{"Type":"Question","QuestionID":"QID3"},{"Type":"Question","QuestionID":"QID4"},{"Type":"Question","QuestionID":"QID5"}],"Options":{"BlockLocking":"false","RandomizeQuestions":"false","BlockVisibility":"Expanded"}},{"Type":"Trash","Description":"Trash \/ Unused Questions","ID":"BL_5vGMr1t3p6rTArQ","BlockElements":[{"Type":"Question","QuestionID":"QID6"}]},{"Type":"Standard","SubType":"","Description":"Test 2","ID":"BL_db9bUx9FjyqoLno","BlockElements":[{"Type":"Question","QuestionID":"QID7"},{"Type":"Question","QuestionID":"QID8"},{"Type":"Question","QuestionID":"QID9"},{"Type":"Question","QuestionID":"QID10"},{"Type":"Question","QuestionID":"QID11"},{"Type":"Question","QuestionID":"QID12"},{"Type":"Question","QuestionID":"QID13"},{"Type":"Question","QuestionID":"QID14"},{"Type":"Question","QuestionID":"QID15"},{"Type":"Question","QuestionID":"QID16"}],"Options":{"BlockLocking":"false","RandomizeQuestions":"false"}},{"Type":"Standard","SubType":"","Description":"Test 3","ID":"BL_bwvEQ92r36d1nf0","BlockElements":[{"Type":"Question","QuestionID":"QID17"},{"Type":"Question","QuestionID":"QID18"},{"Type":"Question","QuestionID":"QID19"},{"Type":"Question","QuestionID":"QID20"},{"Type":"Question","QuestionID":"QID21"},{"Type":"Question","QuestionID":"QID22"},{"Type":"Question","QuestionID":"QID23"},{"Type":"Question","QuestionID":"QID24"},{"Type":"Question","QuestionID":"QID25"},{"Type":"Question","QuestionID":"QID26"}],"Options":{"BlockLocking":"false","RandomizeQuestions":"false"}}]},{"SurveyID":"SV_74dFf2tiNtOnHn0","Element":"FL","PrimaryAttribute":"Survey Flow","SecondaryAttribute":null,"TertiaryAttribute":null,"Payload":{"Flow":[{"ID":"BL_bx6vlrQ07VkqhRs","Type":"Block","FlowID":"FL_2"},{"ID":"BL_db9bUx9FjyqoLno","Type":"Standard","FlowID":"FL_3"},{"ID":"BL_bwvEQ92r36d1nf0","Type":"Standard","FlowID":"FL_4"}],"Properties":{"Count":4},"FlowID":"FL_1","Type":"Root"}},{"SurveyID":"SV_74dFf2tiNtOnHn0","Element":"PL","PrimaryAttribute":"Preview Link","SecondaryAttribute":null,"TertiaryAttribute":null,"Payload":{"PreviewType":"Brand","PreviewID":"ac5d00b4-b369-4de8-80a3-f24d669a7fe8"}},{"SurveyID":"SV_74dFf2tiNtOnHn0","Element":"SO","PrimaryAttribute":"Survey Options","SecondaryAttribute":null,"TertiaryAttribute":null,"Payload":{"BackButton":"false","SaveAndContinue":"true","SurveyProtection":"PublicSurvey","BallotBoxStuffingPrevention":"false","NoIndex":"Yes","SecureResponseFiles":"true","SurveyExpiration":"None","SurveyTermination":"DefaultMessage","Header":"","Footer":"","ProgressBarDisplay":"None","PartialData":"+1 week","ValidationMessage":"","PreviousButton":"","NextButton":"","SurveyTitle":"Qualtrics Survey | Qualtrics Experience Management","SkinLibrary":"edinburghinformatics","SkinType":"component","Skin":{"brandingId":null,"templateId":"*simple","overrides":null},"NewScoring":1,"SurveyMetaDescription":"The most powerful, simple and trusted way to gather experience data. Start your journey to experience management and try a free account today.","CustomStyles":[],"ProtectSelectionIds":true}},{"SurveyID":"SV_74dFf2tiNtOnHn0","Element":"SCO","PrimaryAttribute":"Scoring","SecondaryAttribute":null,"TertiaryAttribute":null,"Payload":{"ScoringCategories":[],"ScoringCategoryGroups":[],"ScoringSummaryCategory":null,"ScoringSummaryAfterQuestions":0,"ScoringSummaryAfterSurvey":0,"DefaultScoringCategory":null,"AutoScoringCategory":null}},{"SurveyID":"SV_74dFf2tiNtOnHn0","Element":"PROJ","PrimaryAttribute":"CORE","SecondaryAttribute":null,"TertiaryAttribute":"1.1.0","Payload":{"ProjectCategory":"CORE","SchemaVersion":"1.1.0"}},{"SurveyID":"SV_74dFf2tiNtOnHn0","Element":"STAT","PrimaryAttribute":"Survey Statistics","SecondaryAttribute":null,"TertiaryAttribute":null,"Payload":{"MobileCompatible":false,"ID":"Survey Statistics"}},{"SurveyID":"SV_74dFf2tiNtOnHn0","Element":"QC","PrimaryAttribute":"Survey Question Count","SecondaryAttribute":"26","TertiaryAttribute":null,"Payload":null},{"SurveyID":"SV_74dFf2tiNtOnHn0","Element":"SQ","PrimaryAttribute":"QID6","SecondaryAttribute":"Click to write the question text","TertiaryAttribute":null,"Payload":{"QuestionText":"Click to write the question text","DataExportTag":"Q6","QuestionType":"MC","Selector":"SAVR","SubSelector":"TX","Configuration":{"QuestionDescriptionOption":"UseText"},"QuestionDescription":"Click to write the question text","Choices":{"1":{"Display":"Click to write Choice 1"},"2":{"Display":"Click to write Choice 2"},"3":{"Display":"Click to write Choice 3"}},"ChoiceOrder":["1","2","3"],"Validation":{"Settings":{"ForceResponse":"OFF","Type":"None"}},"Language":[],"NextChoiceId":4,"NextAnswerId":1,"QuestionID":"QID6"}},{"SurveyID":"SV_74dFf2tiNtOnHn0","Element":"RS","PrimaryAttribute":"RS_0qbiCQCdV59krAi","SecondaryAttribute":"Default Response Set","TertiaryAttribute":null,"Payload":null},{"SurveyID":"SV_74dFf2tiNtOnHn0","Element":"SQ","PrimaryAttribute":"QID1","SecondaryAttribute":"test1_1","TertiaryAttribute":null,"Payload":{"QuestionText":"<b>Instructions:&nbsp;<br><\/b><br>In this section, please compare the generated speech on the basis on Naturalness and Intelligibility.<br><br><b>Note: You may tick both rows to show equally natural or intelligible.<br><\/b><br><i><b>Intelligibility<\/b><\/i>, which defines how well the\nwords of a spoken message are understood.<br><br><b><i>Naturalness<\/i><\/b>\nof speaker voice, that is to say, the correct use of emphasis, intonation, pitch, intensity, and pauses according to the message&nbsp;and intention.<br><br><b>Text:<\/b> <i><u>Strain the strawberry mixture into a bowl through a fine sieve<\/u><\/i>","DefaultChoices":false,"DataExportTag":"Q1","QuestionID":"QID1","QuestionType":"Matrix","Selector":"Likert","SubSelector":"MultipleAnswer","DataVisibility":{"Private":false,"Hidden":false},"Configuration":{"QuestionDescriptionOption":"SpecifyLabel","TextPosition":"inline","ChoiceColumnWidth":25,"RepeatHeaders":"none","WhiteSpace":"OFF","MobileFirst":true},"QuestionDescription":"test1_1","Choices":{"1":{"Display":"Voice A<br \/>\n<audio class=\"qmedia\" controls=\"true\" height=\"40\" preload=\"auto\" width=\"320\"><source src=\"https:\/\/raw.githubusercontent.com\/lordzuko\/speech_synthesis_report\/master\/test\/voice1_1.wav\" type=\"audio\/wav\" \/><embed class=\"qmedia\" flashconsts=\"file=https:\/\/raw.githubusercontent.com\/lordzuko\/speech_synthesis_report\/master\/test\/voice1_1.wav&amp;width=320&amp;height=20&amp;type=wav&amp;autostart=false\" height=\"20\" pluginspage=\"http:\/\/adobe.com\/flashplayer\/\" src=\"\/WRQualtricsShared\/Flash\/flvplayer.swf\" type=\"application\/x-shockwave-flash\" width=\"320\" wmode=\"transparent\" \/><\/audio>\n"},"2":{"Display":"Voice B<br \/>\n<audio class=\"qmedia\" controls=\"true\" height=\"40\" preload=\"auto\" width=\"320\"><source src=\"https:\/\/raw.githubusercontent.com\/lordzuko\/speech_synthesis_report\/master\/test\/voice6_1.wav\" type=\"audio\/wav\" \/><embed class=\"qmedia\" flashconsts=\"file=https:\/\/raw.githubusercontent.com\/lordzuko\/speech_synthesis_report\/master\/test\/voice6_1.wav&amp;width=320&amp;height=20&amp;type=wav&amp;autostart=false\" height=\"20\" pluginspage=\"http:\/\/adobe.com\/flashplayer\/\" src=\"\/WRQualtricsShared\/Flash\/flvplayer.swf\" type=\"application\/x-shockwave-flash\" width=\"320\" wmode=\"transparent\" \/><\/audio>\n"}},"ChoiceOrder":[1,2],"Validation":{"Settings":{"ForceResponse":"ON","ForceResponseType":"ON","Type":"None"}},"GradingData":[],"Language":[],"NextChoiceId":6,"NextAnswerId":6,"Answers":{"1":{"Display":"More Natural"},"2":{"Display":"More Intelligible"}},"AnswerOrder":[1,2],"ChoiceDataExportTags":false,"AnswerColumns":2}},{"SurveyID":"SV_74dFf2tiNtOnHn0","Element":"SQ","PrimaryAttribute":"QID2","SecondaryAttribute":"test1_2","TertiaryAttribute":null,"Payload":{"QuestionText":"<b>Text:<\/b> <i><u>Beat in flour, baking soda and baking powder<\/u><\/i>","DefaultChoices":false,"DataExportTag":"Q2","QuestionID":"QID2","QuestionType":"Matrix","Selector":"Likert","SubSelector":"MultipleAnswer","DataVisibility":{"Private":false,"Hidden":false},"Configuration":{"QuestionDescriptionOption":"SpecifyLabel","TextPosition":"inline","ChoiceColumnWidth":25,"RepeatHeaders":"none","WhiteSpace":"OFF","MobileFirst":true},"QuestionDescription":"test1_2","Choices":{"1":{"Display":"Voice A<br \/>\n<audio class=\"qmedia\" controls=\"true\" height=\"40\" preload=\"auto\" width=\"320\"><source src=\"https:\/\/raw.githubusercontent.com\/lordzuko\/speech_synthesis_report\/master\/test\/voice1_2.wav\" type=\"audio\/wav\" \/><embed class=\"qmedia\" flashconsts=\"file=https:\/\/raw.githubusercontent.com\/lordzuko\/speech_synthesis_report\/master\/test\/voice1_2.wav&amp;width=320&amp;height=20&amp;type=wav&amp;autostart=false\" height=\"20\" pluginspage=\"http:\/\/adobe.com\/flashplayer\/\" src=\"\/WRQualtricsShared\/Flash\/flvplayer.swf\" type=\"application\/x-shockwave-flash\" width=\"320\" wmode=\"transparent\" \/><\/audio>"},"2":{"Display":"Voice B<audio class=\"qmedia\" controls=\"true\" height=\"40\" preload=\"auto\" width=\"320\"><source src=\"https:\/\/raw.githubusercontent.com\/lordzuko\/speech_synthesis_report\/master\/test\/voice6_2.wav\" type=\"audio\/wav\" \/><embed class=\"qmedia\" flashconsts=\"file=https:\/\/raw.githubusercontent.com\/lordzuko\/speech_synthesis_report\/master\/test\/voice6_2.wav&amp;width=320&amp;height=20&amp;type=wav&amp;autostart=false\" height=\"20\" pluginspage=\"http:\/\/adobe.com\/flashplayer\/\" src=\"\/WRQualtricsShared\/Flash\/flvplayer.swf\" type=\"application\/x-shockwave-flash\" width=\"320\" wmode=\"transparent\" \/><\/audio>"}},"ChoiceOrder":[1,2],"Validation":{"Settings":{"ForceResponse":"OFF","Type":"None"}},"GradingData":[],"Language":[],"NextChoiceId":3,"NextAnswerId":3,"Answers":{"1":{"Display":"More Natural"},"2":{"Display":"More Intelligible"}},"AnswerOrder":[1,2],"ChoiceDataExportTags":false}},{"SurveyID":"SV_74dFf2tiNtOnHn0","Element":"SQ","PrimaryAttribute":"QID3","SecondaryAttribute":"test1_4","TertiaryAttribute":null,"Payload":{"QuestionText":"<b>Text:<\/b> <i><u>Cut in the lard with a pastry blender or two knives, until the mixture resembles coarse oatmeal<\/u><\/i>","DefaultChoices":false,"DataExportTag":"Q3","QuestionID":"QID3","QuestionType":"Matrix","Selector":"Likert","SubSelector":"MultipleAnswer","DataVisibility":{"Private":false,"Hidden":false},"Configuration":{"QuestionDescriptionOption":"SpecifyLabel","TextPosition":"inline","ChoiceColumnWidth":25,"RepeatHeaders":"none","WhiteSpace":"OFF","MobileFirst":true},"QuestionDescription":"test1_4","Choices":{"1":{"Display":"Voice A<br \/>\n<audio class=\"qmedia\" controls=\"true\" height=\"40\" preload=\"auto\" width=\"320\"><source src=\"https:\/\/raw.githubusercontent.com\/lordzuko\/speech_synthesis_report\/master\/test\/voice1_4.wav\" type=\"audio\/wav\" \/><embed class=\"qmedia\" flashconsts=\"file=https:\/\/raw.githubusercontent.com\/lordzuko\/speech_synthesis_report\/master\/test\/voice1_4.wav&amp;width=320&amp;height=20&amp;type=wav&amp;autostart=false\" height=\"20\" pluginspage=\"http:\/\/adobe.com\/flashplayer\/\" src=\"\/WRQualtricsShared\/Flash\/flvplayer.swf\" type=\"application\/x-shockwave-flash\" width=\"320\" wmode=\"transparent\" \/><\/audio>\n"},"2":{"Display":"Voice B<br \/>\n<audio class=\"qmedia\" controls=\"true\" height=\"40\" preload=\"auto\" width=\"320\"><source src=\"https:\/\/raw.githubusercontent.com\/lordzuko\/speech_synthesis_report\/master\/test\/voice6_4.wav\" type=\"audio\/wav\" \/><embed class=\"qmedia\" flashconsts=\"file=https:\/\/raw.githubusercontent.com\/lordzuko\/speech_synthesis_report\/master\/test\/voice6_4.wav&amp;width=320&amp;height=20&amp;type=wav&amp;autostart=false\" height=\"20\" pluginspage=\"http:\/\/adobe.com\/flashplayer\/\" src=\"\/WRQualtricsShared\/Flash\/flvplayer.swf\" type=\"application\/x-shockwave-flash\" width=\"320\" wmode=\"transparent\" \/><\/audio>\n"}},"ChoiceOrder":[1,2],"Validation":{"Settings":{"ForceResponse":"OFF","Type":"None"}},"GradingData":[],"Language":[],"NextChoiceId":3,"NextAnswerId":3,"Answers":{"1":{"Display":"More Natural"},"2":{"Display":"More Intelligible"}},"AnswerOrder":[1,2],"ChoiceDataExportTags":false}},{"SurveyID":"SV_74dFf2tiNtOnHn0","Element":"SQ","PrimaryAttribute":"QID4","SecondaryAttribute":"test1_8","TertiaryAttribute":null,"Payload":{"QuestionText":"<b>Text:<\/b> <u><i>Stir in the peppermint extract once the mixture is melted smooth<\/i><\/u>","DefaultChoices":false,"DataExportTag":"Q4","QuestionID":"QID4","QuestionType":"Matrix","Selector":"Likert","SubSelector":"MultipleAnswer","DataVisibility":{"Private":false,"Hidden":false},"Configuration":{"QuestionDescriptionOption":"SpecifyLabel","TextPosition":"inline","ChoiceColumnWidth":25,"RepeatHeaders":"none","WhiteSpace":"OFF","MobileFirst":true},"QuestionDescription":"test1_8","Choices":{"1":{"Display":"Voice A<br \/>\n<audio class=\"qmedia\" controls=\"true\" height=\"40\" preload=\"auto\" width=\"320\"><source src=\"https:\/\/raw.githubusercontent.com\/lordzuko\/speech_synthesis_report\/master\/test\/voice1_8.wav\" type=\"audio\/wav\" \/><embed class=\"qmedia\" flashconsts=\"file=https:\/\/raw.githubusercontent.com\/lordzuko\/speech_synthesis_report\/master\/test\/voice1_8.wav&amp;width=320&amp;height=20&amp;type=wav&amp;autostart=false\" height=\"20\" pluginspage=\"http:\/\/adobe.com\/flashplayer\/\" src=\"\/WRQualtricsShared\/Flash\/flvplayer.swf\" type=\"application\/x-shockwave-flash\" width=\"320\" wmode=\"transparent\" \/><\/audio>\n"},"2":{"Display":"Voice B<br \/>\n<audio class=\"qmedia\" controls=\"true\" height=\"40\" preload=\"auto\" width=\"320\"><source src=\"https:\/\/raw.githubusercontent.com\/lordzuko\/speech_synthesis_report\/master\/test\/voice6_8.wav\" type=\"audio\/wav\" \/><embed class=\"qmedia\" flashconsts=\"file=https:\/\/raw.githubusercontent.com\/lordzuko\/speech_synthesis_report\/master\/test\/voice6_8.wav&amp;width=320&amp;height=20&amp;type=wav&amp;autostart=false\" height=\"20\" pluginspage=\"http:\/\/adobe.com\/flashplayer\/\" src=\"\/WRQualtricsShared\/Flash\/flvplayer.swf\" type=\"application\/x-shockwave-flash\" width=\"320\" wmode=\"transparent\" \/><\/audio>\n"}},"ChoiceOrder":[1,2],"Validation":{"Settings":{"ForceResponse":"OFF","Type":"None"}},"GradingData":[],"Language":[],"NextChoiceId":3,"NextAnswerId":3,"Answers":{"1":{"Display":"More Natural"},"2":{"Display":"More Intelligible"}},"AnswerOrder":[1,2],"ChoiceDataExportTags":false}},{"SurveyID":"SV_74dFf2tiNtOnHn0","Element":"SQ","PrimaryAttribute":"QID5","SecondaryAttribute":"test1_9","TertiaryAttribute":null,"Payload":{"QuestionText":"<b>Text:<\/b> <i><u>For the cinnamon swirl, in a small bowl, combine butter, flour, brown sugar, and cinnamon.<\/u><\/i>","DefaultChoices":false,"DataExportTag":"Q5","QuestionID":"QID5","QuestionType":"Matrix","Selector":"Likert","SubSelector":"MultipleAnswer","DataVisibility":{"Private":false,"Hidden":false},"Configuration":{"QuestionDescriptionOption":"SpecifyLabel","TextPosition":"inline","ChoiceColumnWidth":25,"RepeatHeaders":"none","WhiteSpace":"OFF","MobileFirst":true},"QuestionDescription":"test1_9","Choices":{"1":{"Display":"Voice A<br \/>\n<audio class=\"qmedia\" controls=\"true\" height=\"40\" preload=\"auto\" width=\"320\"><source src=\"https:\/\/raw.githubusercontent.com\/lordzuko\/speech_synthesis_report\/master\/test\/voice1_9.wav\" type=\"audio\/wav\" \/><embed class=\"qmedia\" flashconsts=\"file=https:\/\/raw.githubusercontent.com\/lordzuko\/speech_synthesis_report\/master\/test\/voice1_9.wav&amp;width=320&amp;height=20&amp;type=wav&amp;autostart=false\" height=\"20\" pluginspage=\"http:\/\/adobe.com\/flashplayer\/\" src=\"\/WRQualtricsShared\/Flash\/flvplayer.swf\" type=\"application\/x-shockwave-flash\" width=\"320\" wmode=\"transparent\" \/><\/audio>\n"},"2":{"Display":"Voice B<br \/>\n<audio class=\"qmedia\" controls=\"true\" height=\"40\" preload=\"auto\" width=\"320\"><source src=\"https:\/\/raw.githubusercontent.com\/lordzuko\/speech_synthesis_report\/master\/test\/voice6_9.wav\" type=\"audio\/wav\" \/><embed class=\"qmedia\" flashconsts=\"file=https:\/\/raw.githubusercontent.com\/lordzuko\/speech_synthesis_report\/master\/test\/voice6_9.wav&amp;width=320&amp;height=20&amp;type=wav&amp;autostart=false\" height=\"20\" pluginspage=\"http:\/\/adobe.com\/flashplayer\/\" src=\"\/WRQualtricsShared\/Flash\/flvplayer.swf\" type=\"application\/x-shockwave-flash\" width=\"320\" wmode=\"transparent\" \/><\/audio>\n"}},"ChoiceOrder":[1,2],"Validation":{"Settings":{"ForceResponse":"OFF","Type":"None"}},"GradingData":[],"Language":[],"NextChoiceId":3,"NextAnswerId":3,"Answers":{"1":{"Display":"More Natural"},"2":{"Display":"More Intelligible"}},"AnswerOrder":[1,2],"ChoiceDataExportTags":false}},{"SurveyID":"SV_74dFf2tiNtOnHn0","Element":"SQ","PrimaryAttribute":"QID7","SecondaryAttribute":"test2_1","TertiaryAttribute":null,"Payload":{"QuestionText":"Instructions: <br><br>In this section, please compare the synthesized speech on the basis on Naturalness. Among the 3 samples provided, one of them is not synthesized speech, please try to mark it the highest.&nbsp;<br><br><i style=\"\"><u>Note: Higher score is better.<br><\/u><\/i><br><b><i>Naturalness<\/i><\/b> of speaker voice, that is to say, the correct use of emphasis, intonation, pitch, intensity, and pauses according to the message and intention.\n<br><br><b>Text:<\/b> <u><i>Strain the strawberry mixture into a bowl through a fine sieve<\/i><\/u><br>","DefaultChoices":false,"DataExportTag":"Q7","QuestionType":"Slider","Selector":"HSLIDER","Configuration":{"QuestionDescriptionOption":"SpecifyLabel","CSSliderMin":0,"CSSliderMax":100,"GridLines":10,"SnapToGrid":false,"NumDecimals":"0","ShowValue":true,"CustomStart":false,"NotApplicable":false,"MobileFirst":true},"QuestionDescription":"test2_1","Choices":{"1":{"Display":"Voice A<br \/>\n<audio class=\"qmedia\" controls=\"true\" height=\"40\" preload=\"auto\" width=\"320\"><source src=\"https:\/\/raw.githubusercontent.com\/lordzuko\/speech_synthesis_report\/master\/test\/voice1_1.wav\" type=\"audio\/wav\" \/><embed class=\"qmedia\" flashconsts=\"file=https:\/\/raw.githubusercontent.com\/lordzuko\/speech_synthesis_report\/master\/test\/voice1_1.wav&amp;width=320&amp;height=20&amp;type=wav&amp;autostart=false\" height=\"20\" pluginspage=\"http:\/\/adobe.com\/flashplayer\/\" src=\"\/WRQualtricsShared\/Flash\/flvplayer.swf\" type=\"application\/x-shockwave-flash\" width=\"320\" wmode=\"transparent\" \/><\/audio>\n"},"2":{"Display":"Voice B<br \/>\n<audio class=\"qmedia\" controls=\"true\" height=\"40\" preload=\"auto\" width=\"320\"><source src=\"https:\/\/raw.githubusercontent.com\/lordzuko\/speech_synthesis_report\/master\/test\/voice5_1.wav\" type=\"audio\/wav\" \/><embed class=\"qmedia\" flashconsts=\"file=https:\/\/raw.githubusercontent.com\/lordzuko\/speech_synthesis_report\/master\/test\/voice5_1.wav&amp;width=320&amp;height=20&amp;type=wav&amp;autostart=false\" height=\"20\" pluginspage=\"http:\/\/adobe.com\/flashplayer\/\" src=\"\/WRQualtricsShared\/Flash\/flvplayer.swf\" type=\"application\/x-shockwave-flash\" width=\"320\" wmode=\"transparent\" \/><\/audio>"},"3":{"Display":"Voice C<br \/>\n<audio class=\"qmedia\" controls=\"true\" height=\"40\" preload=\"auto\" width=\"320\"><source src=\"https:\/\/raw.githubusercontent.com\/lordzuko\/speech_synthesis_report\/master\/test\/test_1.wav\" type=\"audio\/wav\" \/><embed class=\"qmedia\" flashconsts=\"file=https:\/\/raw.githubusercontent.com\/lordzuko\/speech_synthesis_report\/master\/test\/test_1.wav&amp;width=320&amp;height=20&amp;type=wav&amp;autostart=false\" height=\"20\" pluginspage=\"http:\/\/adobe.com\/flashplayer\/\" src=\"\/WRQualtricsShared\/Flash\/flvplayer.swf\" type=\"application\/x-shockwave-flash\" width=\"320\" wmode=\"transparent\" \/><\/audio>\n"}},"ChoiceOrder":[1,2,3],"Validation":{"Settings":{"ForceResponse":"ON","ForceResponseType":"ON","Type":"None"}},"GradingData":[],"Language":[],"NextChoiceId":4,"NextAnswerId":1,"Labels":[],"QuestionID":"QID7","DataVisibility":{"Private":false,"Hidden":false}}},{"SurveyID":"SV_74dFf2tiNtOnHn0","Element":"SQ","PrimaryAttribute":"QID12","SecondaryAttribute":"test2_11","TertiaryAttribute":null,"Payload":{"QuestionText":"<b>Text:<\/b> <u><i>Cook the pasta according to the timing on the package directions.<\/i><\/u>","DefaultChoices":false,"DataExportTag":"Q12","QuestionType":"Slider","Selector":"HSLIDER","Configuration":{"QuestionDescriptionOption":"SpecifyLabel","CSSliderMin":0,"CSSliderMax":100,"GridLines":10,"SnapToGrid":false,"NumDecimals":"0","ShowValue":true,"CustomStart":false,"NotApplicable":false,"MobileFirst":true},"QuestionDescription":"test2_11","Choices":{"1":{"Display":"Voice A<br \/>\n<audio class=\"qmedia\" controls=\"true\" height=\"40\" preload=\"auto\" width=\"320\"><source src=\"https:\/\/raw.githubusercontent.com\/lordzuko\/speech_synthesis_report\/master\/test\/voice1_11.wav\" type=\"audio\/wav\" \/><embed class=\"qmedia\" flashconsts=\"file=https:\/\/raw.githubusercontent.com\/lordzuko\/speech_synthesis_report\/master\/test\/voice1_11.wav&amp;width=320&amp;height=20&amp;type=wav&amp;autostart=false\" height=\"20\" pluginspage=\"http:\/\/adobe.com\/flashplayer\/\" src=\"\/WRQualtricsShared\/Flash\/flvplayer.swf\" type=\"application\/x-shockwave-flash\" width=\"320\" wmode=\"transparent\" \/><\/audio>\n"},"2":{"Display":"Voice B<br \/>\n<audio class=\"qmedia\" controls=\"true\" height=\"40\" preload=\"auto\" width=\"320\"><source src=\"https:\/\/raw.githubusercontent.com\/lordzuko\/speech_synthesis_report\/master\/test\/voice5_11.wav\" type=\"audio\/wav\" \/><embed class=\"qmedia\" flashconsts=\"file=https:\/\/raw.githubusercontent.com\/lordzuko\/speech_synthesis_report\/master\/test\/voice5_11.wav&amp;width=320&amp;height=20&amp;type=wav&amp;autostart=false\" height=\"20\" pluginspage=\"http:\/\/adobe.com\/flashplayer\/\" src=\"\/WRQualtricsShared\/Flash\/flvplayer.swf\" type=\"application\/x-shockwave-flash\" width=\"320\" wmode=\"transparent\" \/><\/audio>"},"3":{"Display":"Voice C<br \/>\n<audio class=\"qmedia\" controls=\"true\" height=\"40\" preload=\"auto\" width=\"320\"><source src=\"https:\/\/raw.githubusercontent.com\/lordzuko\/speech_synthesis_report\/master\/test\/test_11.wav\" type=\"audio\/wav\" \/><embed class=\"qmedia\" flashconsts=\"file=https:\/\/raw.githubusercontent.com\/lordzuko\/speech_synthesis_report\/master\/test\/test_11.wav&amp;width=320&amp;height=20&amp;type=wav&amp;autostart=false\" height=\"20\" pluginspage=\"http:\/\/adobe.com\/flashplayer\/\" src=\"\/WRQualtricsShared\/Flash\/flvplayer.swf\" type=\"application\/x-shockwave-flash\" width=\"320\" wmode=\"transparent\" \/><\/audio>\n"}},"ChoiceOrder":[1,2,3],"Validation":{"Settings":{"ForceResponse":"ON","ForceResponseType":"ON","Type":"None"}},"GradingData":[],"Language":[],"NextChoiceId":4,"NextAnswerId":1,"Labels":[],"QuestionID":"QID12","DataVisibility":{"Private":false,"Hidden":false}}},{"SurveyID":"SV_74dFf2tiNtOnHn0","Element":"SQ","PrimaryAttribute":"QID13","SecondaryAttribute":"test2_12","TertiaryAttribute":null,"Payload":{"QuestionText":"<b>Text:&nbsp;<\/b><i><u>Angel hair pasta needs no more than 3 minutes to cook to al dente.<\/u><\/i>","DefaultChoices":false,"DataExportTag":"Q13","QuestionType":"Slider","Selector":"HSLIDER","Configuration":{"QuestionDescriptionOption":"SpecifyLabel","CSSliderMin":0,"CSSliderMax":100,"GridLines":10,"SnapToGrid":false,"NumDecimals":"0","ShowValue":true,"CustomStart":false,"NotApplicable":false,"MobileFirst":true},"QuestionDescription":"test2_12","Choices":{"1":{"Display":"Voice A<br \/>\n<audio class=\"qmedia\" controls=\"true\" height=\"40\" preload=\"auto\" width=\"320\"><source src=\"https:\/\/raw.githubusercontent.com\/lordzuko\/speech_synthesis_report\/master\/test\/voice1_12.wav\" type=\"audio\/wav\" \/><embed class=\"qmedia\" flashconsts=\"file=https:\/\/raw.githubusercontent.com\/lordzuko\/speech_synthesis_report\/master\/test\/voice1_12.wav&amp;width=320&amp;height=20&amp;type=wav&amp;autostart=false\" height=\"20\" pluginspage=\"http:\/\/adobe.com\/flashplayer\/\" src=\"\/WRQualtricsShared\/Flash\/flvplayer.swf\" type=\"application\/x-shockwave-flash\" width=\"320\" wmode=\"transparent\" \/><\/audio>\n"},"2":{"Display":"Voice B<br \/>\n<audio class=\"qmedia\" controls=\"true\" height=\"40\" preload=\"auto\" width=\"320\"><source src=\"https:\/\/raw.githubusercontent.com\/lordzuko\/speech_synthesis_report\/master\/test\/voice5_12.wav\" type=\"audio\/wav\" \/><embed class=\"qmedia\" flashconsts=\"file=https:\/\/raw.githubusercontent.com\/lordzuko\/speech_synthesis_report\/master\/test\/voice5_12.wav&amp;width=320&amp;height=20&amp;type=wav&amp;autostart=false\" height=\"20\" pluginspage=\"http:\/\/adobe.com\/flashplayer\/\" src=\"\/WRQualtricsShared\/Flash\/flvplayer.swf\" type=\"application\/x-shockwave-flash\" width=\"320\" wmode=\"transparent\" \/><\/audio>"},"3":{"Display":"Voice C<br \/>\n<audio class=\"qmedia\" controls=\"true\" height=\"40\" preload=\"auto\" width=\"320\"><source src=\"https:\/\/raw.githubusercontent.com\/lordzuko\/speech_synthesis_report\/master\/test\/test_12.wav\" type=\"audio\/wav\" \/><embed class=\"qmedia\" flashconsts=\"file=https:\/\/raw.githubusercontent.com\/lordzuko\/speech_synthesis_report\/master\/test\/test_12.wav&amp;width=320&amp;height=20&amp;type=wav&amp;autostart=false\" height=\"20\" pluginspage=\"http:\/\/adobe.com\/flashplayer\/\" src=\"\/WRQualtricsShared\/Flash\/flvplayer.swf\" type=\"application\/x-shockwave-flash\" width=\"320\" wmode=\"transparent\" \/><\/audio>\n"}},"ChoiceOrder":[1,2,3],"Validation":{"Settings":{"ForceResponse":"ON","ForceResponseType":"ON","Type":"None"}},"GradingData":[],"Language":[],"NextChoiceId":4,"NextAnswerId":1,"Labels":[],"QuestionID":"QID13","DataVisibility":{"Private":false,"Hidden":false}}},{"SurveyID":"SV_74dFf2tiNtOnHn0","Element":"SQ","PrimaryAttribute":"QID14","SecondaryAttribute":"test2_13","TertiaryAttribute":null,"Payload":{"QuestionText":"<b>Text:<\/b> <u><i>Add the garlic and cook until fragrant, about 1 minute, stirring constantly.<\/i><\/u>","DefaultChoices":false,"DataExportTag":"Q14","QuestionType":"Slider","Selector":"HSLIDER","Configuration":{"QuestionDescriptionOption":"SpecifyLabel","CSSliderMin":0,"CSSliderMax":100,"GridLines":10,"SnapToGrid":false,"NumDecimals":"0","ShowValue":true,"CustomStart":false,"NotApplicable":false,"MobileFirst":true},"QuestionDescription":"test2_13","Choices":{"1":{"Display":"Voice A<br \/>\n<audio class=\"qmedia\" controls=\"true\" height=\"40\" preload=\"auto\" width=\"320\"><source src=\"https:\/\/raw.githubusercontent.com\/lordzuko\/speech_synthesis_report\/master\/test\/voice1_13.wav\" type=\"audio\/wav\" \/><embed class=\"qmedia\" flashconsts=\"file=https:\/\/raw.githubusercontent.com\/lordzuko\/speech_synthesis_report\/master\/test\/voice1_13.wav&amp;width=320&amp;height=20&amp;type=wav&amp;autostart=false\" height=\"20\" pluginspage=\"http:\/\/adobe.com\/flashplayer\/\" src=\"\/WRQualtricsShared\/Flash\/flvplayer.swf\" type=\"application\/x-shockwave-flash\" width=\"320\" wmode=\"transparent\" \/><\/audio>\n"},"2":{"Display":"Voice B<br \/>\n<audio class=\"qmedia\" controls=\"true\" height=\"40\" preload=\"auto\" width=\"320\"><source src=\"https:\/\/raw.githubusercontent.com\/lordzuko\/speech_synthesis_report\/master\/test\/voice5_13.wav\" type=\"audio\/wav\" \/><embed class=\"qmedia\" flashconsts=\"file=https:\/\/raw.githubusercontent.com\/lordzuko\/speech_synthesis_report\/master\/test\/voice5_13.wav&amp;width=320&amp;height=20&amp;type=wav&amp;autostart=false\" height=\"20\" pluginspage=\"http:\/\/adobe.com\/flashplayer\/\" src=\"\/WRQualtricsShared\/Flash\/flvplayer.swf\" type=\"application\/x-shockwave-flash\" width=\"320\" wmode=\"transparent\" \/><\/audio>"},"3":{"Display":"Voice C<br \/>\n<audio class=\"qmedia\" controls=\"true\" height=\"40\" preload=\"auto\" width=\"320\"><source src=\"https:\/\/raw.githubusercontent.com\/lordzuko\/speech_synthesis_report\/master\/test\/test_13.wav\" type=\"audio\/wav\" \/><embed class=\"qmedia\" flashconsts=\"file=https:\/\/raw.githubusercontent.com\/lordzuko\/speech_synthesis_report\/master\/test\/test_13.wav&amp;width=320&amp;height=20&amp;type=wav&amp;autostart=false\" height=\"20\" pluginspage=\"http:\/\/adobe.com\/flashplayer\/\" src=\"\/WRQualtricsShared\/Flash\/flvplayer.swf\" type=\"application\/x-shockwave-flash\" width=\"320\" wmode=\"transparent\" \/><\/audio>\n"}},"ChoiceOrder":[1,2,3],"Validation":{"Settings":{"ForceResponse":"ON","ForceResponseType":"ON","Type":"None"}},"GradingData":[],"Language":[],"NextChoiceId":4,"NextAnswerId":1,"Labels":[],"QuestionID":"QID14","DataVisibility":{"Private":false,"Hidden":false}}},{"SurveyID":"SV_74dFf2tiNtOnHn0","Element":"SQ","PrimaryAttribute":"QID8","SecondaryAttribute":"test2_2","TertiaryAttribute":null,"Payload":{"QuestionText":"<b>Text: <\/b><u>Beat in flour, baking soda and baking powder<\/u><br>\n<br>","DefaultChoices":false,"DataExportTag":"Q8","QuestionType":"Slider","Selector":"HSLIDER","Configuration":{"QuestionDescriptionOption":"SpecifyLabel","CSSliderMin":0,"CSSliderMax":100,"GridLines":10,"SnapToGrid":false,"NumDecimals":"0","ShowValue":true,"CustomStart":false,"NotApplicable":false,"MobileFirst":true},"QuestionDescription":"test2_2","Choices":{"1":{"Display":"Voice A<br \/>\n<audio class=\"qmedia\" controls=\"true\" height=\"40\" preload=\"auto\" width=\"320\"><source src=\"https:\/\/raw.githubusercontent.com\/lordzuko\/speech_synthesis_report\/master\/test\/voice1_2.wav\" type=\"audio\/wav\" \/><embed class=\"qmedia\" flashconsts=\"file=https:\/\/raw.githubusercontent.com\/lordzuko\/speech_synthesis_report\/master\/test\/voice1_2.wav&amp;width=320&amp;height=20&amp;type=wav&amp;autostart=false\" height=\"20\" pluginspage=\"http:\/\/adobe.com\/flashplayer\/\" src=\"\/WRQualtricsShared\/Flash\/flvplayer.swf\" type=\"application\/x-shockwave-flash\" width=\"320\" wmode=\"transparent\" \/><\/audio>\n"},"2":{"Display":"Voice B<br \/>\n<audio class=\"qmedia\" controls=\"true\" height=\"40\" preload=\"auto\" width=\"320\"><source src=\"https:\/\/raw.githubusercontent.com\/lordzuko\/speech_synthesis_report\/master\/test\/voice5_2.wav\" type=\"audio\/wav\" \/><embed class=\"qmedia\" flashconsts=\"file=https:\/\/raw.githubusercontent.com\/lordzuko\/speech_synthesis_report\/master\/test\/voice5_2.wav&amp;width=320&amp;height=20&amp;type=wav&amp;autostart=false\" height=\"20\" pluginspage=\"http:\/\/adobe.com\/flashplayer\/\" src=\"\/WRQualtricsShared\/Flash\/flvplayer.swf\" type=\"application\/x-shockwave-flash\" width=\"320\" wmode=\"transparent\" \/><\/audio>"},"3":{"Display":"Voice C<br \/>\n<audio class=\"qmedia\" controls=\"true\" height=\"40\" preload=\"auto\" width=\"320\"><source src=\"https:\/\/raw.githubusercontent.com\/lordzuko\/speech_synthesis_report\/master\/test\/test_2.wav\" type=\"audio\/wav\" \/><embed class=\"qmedia\" flashconsts=\"file=https:\/\/raw.githubusercontent.com\/lordzuko\/speech_synthesis_report\/master\/test\/test_2.wav&amp;width=320&amp;height=20&amp;type=wav&amp;autostart=false\" height=\"20\" pluginspage=\"http:\/\/adobe.com\/flashplayer\/\" src=\"\/WRQualtricsShared\/Flash\/flvplayer.swf\" type=\"application\/x-shockwave-flash\" width=\"320\" wmode=\"transparent\" \/><\/audio>\n"}},"ChoiceOrder":[1,2,3],"Validation":{"Settings":{"ForceResponse":"ON","ForceResponseType":"ON","Type":"None"}},"GradingData":[],"Language":[],"NextChoiceId":4,"NextAnswerId":1,"Labels":[],"QuestionID":"QID8","DataVisibility":{"Private":false,"Hidden":false}}},{"SurveyID":"SV_74dFf2tiNtOnHn0","Element":"SQ","PrimaryAttribute":"QID15","SecondaryAttribute":"test2_20","TertiaryAttribute":null,"Payload":{"QuestionText":"<b>Text:<\/b> <u><i>Two weeks passed, and in that time Thorpe left camp three times.<\/i><\/u>","DefaultChoices":false,"DataExportTag":"Q15","QuestionType":"Slider","Selector":"HSLIDER","Configuration":{"QuestionDescriptionOption":"SpecifyLabel","CSSliderMin":0,"CSSliderMax":100,"GridLines":10,"SnapToGrid":false,"NumDecimals":"0","ShowValue":true,"CustomStart":false,"NotApplicable":false,"MobileFirst":true},"QuestionDescription":"test2_20","Choices":{"1":{"Display":"Voice A<br \/>\n<audio class=\"qmedia\" controls=\"true\" height=\"40\" preload=\"auto\" width=\"320\"><source src=\"https:\/\/raw.githubusercontent.com\/lordzuko\/speech_synthesis_report\/master\/test\/voice1_20.wav\" type=\"audio\/wav\" \/><embed class=\"qmedia\" flashconsts=\"file=https:\/\/raw.githubusercontent.com\/lordzuko\/speech_synthesis_report\/master\/test\/voice1_20.wav&amp;width=320&amp;height=20&amp;type=wav&amp;autostart=false\" height=\"20\" pluginspage=\"http:\/\/adobe.com\/flashplayer\/\" src=\"\/WRQualtricsShared\/Flash\/flvplayer.swf\" type=\"application\/x-shockwave-flash\" width=\"320\" wmode=\"transparent\" \/><\/audio>\n"},"2":{"Display":"Voice B<br \/>\n<audio class=\"qmedia\" controls=\"true\" height=\"40\" preload=\"auto\" width=\"320\"><source src=\"https:\/\/raw.githubusercontent.com\/lordzuko\/speech_synthesis_report\/master\/test\/voice5_20.wav\" type=\"audio\/wav\" \/><embed class=\"qmedia\" flashconsts=\"file=https:\/\/raw.githubusercontent.com\/lordzuko\/speech_synthesis_report\/master\/test\/voice5_20.wav&amp;width=320&amp;height=20&amp;type=wav&amp;autostart=false\" height=\"20\" pluginspage=\"http:\/\/adobe.com\/flashplayer\/\" src=\"\/WRQualtricsShared\/Flash\/flvplayer.swf\" type=\"application\/x-shockwave-flash\" width=\"320\" wmode=\"transparent\" \/><\/audio>"},"3":{"Display":"Voice C<br \/>\n<audio class=\"qmedia\" controls=\"true\" height=\"40\" preload=\"auto\" width=\"320\"><source src=\"https:\/\/raw.githubusercontent.com\/lordzuko\/speech_synthesis_report\/master\/test\/test_20.wav\" type=\"audio\/wav\" \/><embed class=\"qmedia\" flashconsts=\"file=https:\/\/raw.githubusercontent.com\/lordzuko\/speech_synthesis_report\/master\/test\/test_20.wav&amp;width=320&amp;height=20&amp;type=wav&amp;autostart=false\" height=\"20\" pluginspage=\"http:\/\/adobe.com\/flashplayer\/\" src=\"\/WRQualtricsShared\/Flash\/flvplayer.swf\" type=\"application\/x-shockwave-flash\" width=\"320\" wmode=\"transparent\" \/><\/audio>\n"}},"ChoiceOrder":[1,2,3],"Validation":{"Settings":{"ForceResponse":"ON","ForceResponseType":"ON","Type":"None"}},"GradingData":[],"Language":[],"NextChoiceId":4,"NextAnswerId":1,"Labels":[],"QuestionID":"QID15","DataVisibility":{"Private":false,"Hidden":false}}},{"SurveyID":"SV_74dFf2tiNtOnHn0","Element":"SQ","PrimaryAttribute":"QID16","SecondaryAttribute":"test2_22","TertiaryAttribute":null,"Payload":{"QuestionText":"<b>Text:&nbsp;<\/b><u><i>Beyond refusing to sell us food, they left us to ourselves.<\/i><\/u>","DefaultChoices":false,"DataExportTag":"Q16","QuestionID":"QID16","QuestionType":"Slider","Selector":"HSLIDER","DataVisibility":{"Private":false,"Hidden":false},"Configuration":{"QuestionDescriptionOption":"SpecifyLabel","TextPosition":"inline","CSSliderMin":0,"CSSliderMax":100,"GridLines":10,"SnapToGrid":false,"NumDecimals":"0","ShowValue":true,"CustomStart":false,"NotApplicable":false,"MobileFirst":true},"QuestionDescription":"test2_22","Choices":{"1":{"Display":"Voice A<br \/>\n<audio class=\"qmedia\" controls=\"true\" height=\"40\" preload=\"auto\" width=\"320\"><source src=\"https:\/\/raw.githubusercontent.com\/lordzuko\/speech_synthesis_report\/master\/test\/voice1_22.wav\" type=\"audio\/wav\" \/><embed class=\"qmedia\" flashconsts=\"file=https:\/\/raw.githubusercontent.com\/lordzuko\/speech_synthesis_report\/master\/test\/voice1_22.wav&amp;width=320&amp;height=20&amp;type=wav&amp;autostart=false\" height=\"20\" pluginspage=\"http:\/\/adobe.com\/flashplayer\/\" src=\"\/WRQualtricsShared\/Flash\/flvplayer.swf\" type=\"application\/x-shockwave-flash\" width=\"320\" wmode=\"transparent\" \/><\/audio>\n"},"2":{"Display":"Voice B<br \/>\n<audio class=\"qmedia\" controls=\"true\" height=\"40\" preload=\"auto\" width=\"320\"><source src=\"https:\/\/raw.githubusercontent.com\/lordzuko\/speech_synthesis_report\/master\/test\/voice5_22.wav\" type=\"audio\/wav\" \/><embed class=\"qmedia\" flashconsts=\"file=https:\/\/raw.githubusercontent.com\/lordzuko\/speech_synthesis_report\/master\/test\/voice5_22.wav&amp;width=320&amp;height=20&amp;type=wav&amp;autostart=false\" height=\"20\" pluginspage=\"http:\/\/adobe.com\/flashplayer\/\" src=\"\/WRQualtricsShared\/Flash\/flvplayer.swf\" type=\"application\/x-shockwave-flash\" width=\"320\" wmode=\"transparent\" \/><\/audio>"},"3":{"Display":"Voice C<br \/>\n<audio class=\"qmedia\" controls=\"true\" height=\"40\" preload=\"auto\" width=\"320\"><source src=\"https:\/\/raw.githubusercontent.com\/lordzuko\/speech_synthesis_report\/master\/test\/test_22.wav\" type=\"audio\/wav\" \/><embed class=\"qmedia\" flashconsts=\"file=https:\/\/raw.githubusercontent.com\/lordzuko\/speech_synthesis_report\/master\/test\/test_22.wav&amp;width=320&amp;height=20&amp;type=wav&amp;autostart=false\" height=\"20\" pluginspage=\"http:\/\/adobe.com\/flashplayer\/\" src=\"\/WRQualtricsShared\/Flash\/flvplayer.swf\" type=\"application\/x-shockwave-flash\" width=\"320\" wmode=\"transparent\" \/><\/audio>\n"}},"ChoiceOrder":[1,2,3],"Validation":{"Settings":{"ForceResponse":"ON","ForceResponseType":"ON","Type":"None"}},"GradingData":[],"Language":[],"NextChoiceId":4,"NextAnswerId":1,"Labels":[]}},{"SurveyID":"SV_74dFf2tiNtOnHn0","Element":"SQ","PrimaryAttribute":"QID9","SecondaryAttribute":"test2_4","TertiaryAttribute":null,"Payload":{"QuestionText":"<b>Text:&nbsp;<\/b><i><u>Cut in the lard with a pastry blender or two knives, until the mixture resembles coarse oatmeal<\/u><\/i><br>","DefaultChoices":false,"DataExportTag":"Q9","QuestionType":"Slider","Selector":"HSLIDER","Configuration":{"QuestionDescriptionOption":"SpecifyLabel","CSSliderMin":0,"CSSliderMax":100,"GridLines":10,"SnapToGrid":false,"NumDecimals":"0","ShowValue":true,"CustomStart":false,"NotApplicable":false,"MobileFirst":true},"QuestionDescription":"test2_4","Choices":{"1":{"Display":"Voice A<br \/>\n<audio class=\"qmedia\" controls=\"true\" height=\"40\" preload=\"auto\" width=\"320\"><source src=\"https:\/\/raw.githubusercontent.com\/lordzuko\/speech_synthesis_report\/master\/test\/voice1_4.wav\" type=\"audio\/wav\" \/><embed class=\"qmedia\" flashconsts=\"file=https:\/\/raw.githubusercontent.com\/lordzuko\/speech_synthesis_report\/master\/test\/voice1_4.wav&amp;width=320&amp;height=20&amp;type=wav&amp;autostart=false\" height=\"20\" pluginspage=\"http:\/\/adobe.com\/flashplayer\/\" src=\"\/WRQualtricsShared\/Flash\/flvplayer.swf\" type=\"application\/x-shockwave-flash\" width=\"320\" wmode=\"transparent\" \/><\/audio>\n"},"2":{"Display":"Voice B<br \/>\n<audio class=\"qmedia\" controls=\"true\" height=\"40\" preload=\"auto\" width=\"320\"><source src=\"https:\/\/raw.githubusercontent.com\/lordzuko\/speech_synthesis_report\/master\/test\/voice5_4.wav\" type=\"audio\/wav\" \/><embed class=\"qmedia\" flashconsts=\"file=https:\/\/raw.githubusercontent.com\/lordzuko\/speech_synthesis_report\/master\/test\/voice5_4.wav&amp;width=320&amp;height=20&amp;type=wav&amp;autostart=false\" height=\"20\" pluginspage=\"http:\/\/adobe.com\/flashplayer\/\" src=\"\/WRQualtricsShared\/Flash\/flvplayer.swf\" type=\"application\/x-shockwave-flash\" width=\"320\" wmode=\"transparent\" \/><\/audio>"},"3":{"Display":"Voice C<br \/>\n<audio class=\"qmedia\" controls=\"true\" height=\"40\" preload=\"auto\" width=\"320\"><source src=\"https:\/\/raw.githubusercontent.com\/lordzuko\/speech_synthesis_report\/master\/test\/test_4.wav\" type=\"audio\/wav\" \/><embed class=\"qmedia\" flashconsts=\"file=https:\/\/raw.githubusercontent.com\/lordzuko\/speech_synthesis_report\/master\/test\/test_4.wav&amp;width=320&amp;height=20&amp;type=wav&amp;autostart=false\" height=\"20\" pluginspage=\"http:\/\/adobe.com\/flashplayer\/\" src=\"\/WRQualtricsShared\/Flash\/flvplayer.swf\" type=\"application\/x-shockwave-flash\" width=\"320\" wmode=\"transparent\" \/><\/audio>\n"}},"ChoiceOrder":[1,2,3],"Validation":{"Settings":{"ForceResponse":"ON","ForceResponseType":"ON","Type":"None"}},"GradingData":[],"Language":[],"NextChoiceId":4,"NextAnswerId":1,"Labels":[],"QuestionID":"QID9","DataVisibility":{"Private":false,"Hidden":false}}},{"SurveyID":"SV_74dFf2tiNtOnHn0","Element":"SQ","PrimaryAttribute":"QID10","SecondaryAttribute":"test2_8","TertiaryAttribute":null,"Payload":{"QuestionText":"<b>Text:&nbsp;<\/b><i><u>Stir in the peppermint extract once the mixture is melted smooth<\/u><\/i>","DefaultChoices":false,"DataExportTag":"Q10","QuestionType":"Slider","Selector":"HSLIDER","Configuration":{"QuestionDescriptionOption":"SpecifyLabel","CSSliderMin":0,"CSSliderMax":100,"GridLines":10,"SnapToGrid":false,"NumDecimals":"0","ShowValue":true,"CustomStart":false,"NotApplicable":false,"MobileFirst":true},"QuestionDescription":"test2_8","Choices":{"1":{"Display":"Voice A<br \/>\n<audio class=\"qmedia\" controls=\"true\" height=\"40\" preload=\"auto\" width=\"320\"><source src=\"https:\/\/raw.githubusercontent.com\/lordzuko\/speech_synthesis_report\/master\/test\/voice1_8.wav\" type=\"audio\/wav\" \/><embed class=\"qmedia\" flashconsts=\"file=https:\/\/raw.githubusercontent.com\/lordzuko\/speech_synthesis_report\/master\/test\/voice1_8.wav&amp;width=320&amp;height=20&amp;type=wav&amp;autostart=false\" height=\"20\" pluginspage=\"http:\/\/adobe.com\/flashplayer\/\" src=\"\/WRQualtricsShared\/Flash\/flvplayer.swf\" type=\"application\/x-shockwave-flash\" width=\"320\" wmode=\"transparent\" \/><\/audio>\n"},"2":{"Display":"Voice B<br \/>\n<audio class=\"qmedia\" controls=\"true\" height=\"40\" preload=\"auto\" width=\"320\"><source src=\"https:\/\/raw.githubusercontent.com\/lordzuko\/speech_synthesis_report\/master\/test\/voice5_8.wav\" type=\"audio\/wav\" \/><embed class=\"qmedia\" flashconsts=\"file=https:\/\/raw.githubusercontent.com\/lordzuko\/speech_synthesis_report\/master\/test\/voice5_8.wav&amp;width=320&amp;height=20&amp;type=wav&amp;autostart=false\" height=\"20\" pluginspage=\"http:\/\/adobe.com\/flashplayer\/\" src=\"\/WRQualtricsShared\/Flash\/flvplayer.swf\" type=\"application\/x-shockwave-flash\" width=\"320\" wmode=\"transparent\" \/><\/audio>"},"3":{"Display":"Voice C<br \/>\n<audio class=\"qmedia\" controls=\"true\" height=\"40\" preload=\"auto\" width=\"320\"><source src=\"https:\/\/raw.githubusercontent.com\/lordzuko\/speech_synthesis_report\/master\/test\/test_8.wav\" type=\"audio\/wav\" \/><embed class=\"qmedia\" flashconsts=\"file=https:\/\/raw.githubusercontent.com\/lordzuko\/speech_synthesis_report\/master\/test\/test_8.wav&amp;width=320&amp;height=20&amp;type=wav&amp;autostart=false\" height=\"20\" pluginspage=\"http:\/\/adobe.com\/flashplayer\/\" src=\"\/WRQualtricsShared\/Flash\/flvplayer.swf\" type=\"application\/x-shockwave-flash\" width=\"320\" wmode=\"transparent\" \/><\/audio>\n"}},"ChoiceOrder":[1,2,3],"Validation":{"Settings":{"ForceResponse":"ON","ForceResponseType":"ON","Type":"None"}},"GradingData":[],"Language":[],"NextChoiceId":4,"NextAnswerId":1,"Labels":[],"QuestionID":"QID10","DataVisibility":{"Private":false,"Hidden":false}}},{"SurveyID":"SV_74dFf2tiNtOnHn0","Element":"SQ","PrimaryAttribute":"QID11","SecondaryAttribute":"test2_9","TertiaryAttribute":null,"Payload":{"QuestionText":"<b>Text:&nbsp;<\/b><u><i>For the cinnamon swirl, in a small bowl, combine butter, flour, brown sugar, and cinnamon.<\/i><\/u>","DefaultChoices":false,"DataExportTag":"Q11","QuestionType":"Slider","Selector":"HSLIDER","Configuration":{"QuestionDescriptionOption":"SpecifyLabel","CSSliderMin":0,"CSSliderMax":100,"GridLines":10,"SnapToGrid":false,"NumDecimals":"0","ShowValue":true,"CustomStart":false,"NotApplicable":false,"MobileFirst":true},"QuestionDescription":"test2_9","Choices":{"1":{"Display":"Voice A<br \/>\n<audio class=\"qmedia\" controls=\"true\" height=\"40\" preload=\"auto\" width=\"320\"><source src=\"https:\/\/raw.githubusercontent.com\/lordzuko\/speech_synthesis_report\/master\/test\/voice1_9.wav\" type=\"audio\/wav\" \/><embed class=\"qmedia\" flashconsts=\"file=https:\/\/raw.githubusercontent.com\/lordzuko\/speech_synthesis_report\/master\/test\/voice1_9.wav&amp;width=320&amp;height=20&amp;type=wav&amp;autostart=false\" height=\"20\" pluginspage=\"http:\/\/adobe.com\/flashplayer\/\" src=\"\/WRQualtricsShared\/Flash\/flvplayer.swf\" type=\"application\/x-shockwave-flash\" width=\"320\" wmode=\"transparent\" \/><\/audio>"},"2":{"Display":"Voice B<br \/>\n<audio class=\"qmedia\" controls=\"true\" height=\"40\" preload=\"auto\" width=\"320\"><source src=\"https:\/\/raw.githubusercontent.com\/lordzuko\/speech_synthesis_report\/master\/test\/voice5_9.wav\" type=\"audio\/wav\" \/><embed class=\"qmedia\" flashconsts=\"file=https:\/\/raw.githubusercontent.com\/lordzuko\/speech_synthesis_report\/master\/test\/voice5_9.wav&amp;width=320&amp;height=20&amp;type=wav&amp;autostart=false\" height=\"20\" pluginspage=\"http:\/\/adobe.com\/flashplayer\/\" src=\"\/WRQualtricsShared\/Flash\/flvplayer.swf\" type=\"application\/x-shockwave-flash\" width=\"320\" wmode=\"transparent\" \/><\/audio>"},"3":{"Display":"Voice C<br \/>\n<audio class=\"qmedia\" controls=\"true\" height=\"40\" preload=\"auto\" width=\"320\"><source src=\"https:\/\/raw.githubusercontent.com\/lordzuko\/speech_synthesis_report\/master\/test\/test_9.wav\" type=\"audio\/wav\" \/><embed class=\"qmedia\" flashconsts=\"file=https:\/\/raw.githubusercontent.com\/lordzuko\/speech_synthesis_report\/master\/test\/test_9.wav&amp;width=320&amp;height=20&amp;type=wav&amp;autostart=false\" height=\"20\" pluginspage=\"http:\/\/adobe.com\/flashplayer\/\" src=\"\/WRQualtricsShared\/Flash\/flvplayer.swf\" type=\"application\/x-shockwave-flash\" width=\"320\" wmode=\"transparent\" \/><\/audio>\n"}},"ChoiceOrder":[1,2,3],"Validation":{"Settings":{"ForceResponse":"ON","ForceResponseType":"ON","Type":"None"}},"GradingData":[],"Language":[],"NextChoiceId":4,"NextAnswerId":1,"Labels":[],"QuestionID":"QID11","DataVisibility":{"Private":false,"Hidden":false}}},{"SurveyID":"SV_74dFf2tiNtOnHn0","Element":"SQ","PrimaryAttribute":"QID17","SecondaryAttribute":"test3_1","TertiaryAttribute":null,"Payload":{"QuestionText":"Instructions:\n<br><br>In this section, please compare the synthesized speech on the basis on Naturalness. Please order the synthesized speech from in the <b>descending order<\/b> or Naturalness.<br><br>Note: <br>1 - Most Natural<br>3 - Least Natural<br><br><b><i>Naturalness<\/i><\/b> of speaker voice, that is to say, the correct use of emphasis, intonation, pitch, intensity, and pauses according to the message and intention.<br><br><b>Text: <\/b><u><i>Strain the strawberry mixture into a bowl through a fine sieve<\/i><\/u>","DefaultChoices":false,"DataExportTag":"Q17","QuestionType":"RO","Selector":"DND","SubSelector":"TX","Configuration":{"QuestionDescriptionOption":"SpecifyLabel"},"QuestionDescription":"test3_1","Choices":{"1":{"Display":"Voice A<br \/>\n<audio class=\"qmedia\" controls=\"true\" height=\"40\" preload=\"auto\" width=\"320\"><source src=\"https:\/\/raw.githubusercontent.com\/lordzuko\/speech_synthesis_report\/master\/test\/voice5_1.wav\" type=\"audio\/wav\" \/><embed class=\"qmedia\" flashconsts=\"file=https:\/\/raw.githubusercontent.com\/lordzuko\/speech_synthesis_report\/master\/test\/voice5_1.wav&amp;width=320&amp;height=20&amp;type=wav&amp;autostart=false\" height=\"20\" pluginspage=\"http:\/\/adobe.com\/flashplayer\/\" src=\"\/WRQualtricsShared\/Flash\/flvplayer.swf\" type=\"application\/x-shockwave-flash\" width=\"320\" wmode=\"transparent\" \/><\/audio>\n"},"2":{"Display":"Voice B<br \/>\n<audio class=\"qmedia\" controls=\"true\" height=\"40\" preload=\"auto\" width=\"320\"><source src=\"https:\/\/raw.githubusercontent.com\/lordzuko\/speech_synthesis_report\/master\/test\/voice7_1.wav\" type=\"audio\/wav\" \/><embed class=\"qmedia\" flashconsts=\"file=https:\/\/raw.githubusercontent.com\/lordzuko\/speech_synthesis_report\/master\/test\/voice7_1.wav&amp;width=320&amp;height=20&amp;type=wav&amp;autostart=false\" height=\"20\" pluginspage=\"http:\/\/adobe.com\/flashplayer\/\" src=\"\/WRQualtricsShared\/Flash\/flvplayer.swf\" type=\"application\/x-shockwave-flash\" width=\"320\" wmode=\"transparent\" \/><\/audio>\n"},"3":{"Display":"Voice C<br \/>\n<audio class=\"qmedia\" controls=\"true\" height=\"40\" preload=\"auto\" width=\"320\"><source src=\"https:\/\/raw.githubusercontent.com\/lordzuko\/speech_synthesis_report\/master\/test\/voice8_1.wav\" type=\"audio\/wav\" \/><embed class=\"qmedia\" flashconsts=\"file=https:\/\/raw.githubusercontent.com\/lordzuko\/speech_synthesis_report\/master\/test\/voice8_1.wav&amp;width=320&amp;height=20&amp;type=wav&amp;autostart=false\" height=\"20\" pluginspage=\"http:\/\/adobe.com\/flashplayer\/\" src=\"\/WRQualtricsShared\/Flash\/flvplayer.swf\" type=\"application\/x-shockwave-flash\" width=\"320\" wmode=\"transparent\" \/><\/audio>\n"}},"ChoiceOrder":[1,2,3],"Validation":{"Settings":{"ForceResponse":"ON","ForceResponseType":"ON","Type":"None"}},"GradingData":[],"Language":[],"NextChoiceId":4,"NextAnswerId":1,"QuestionID":"QID17","DataVisibility":{"Private":false,"Hidden":false}}},{"SurveyID":"SV_74dFf2tiNtOnHn0","Element":"SQ","PrimaryAttribute":"QID22","SecondaryAttribute":"test3_11","TertiaryAttribute":null,"Payload":{"QuestionText":"<b>Text: <\/b><u><i>Cook the pasta according to the timing on the package directions.<\/i><\/u>","DefaultChoices":false,"DataExportTag":"Q22","QuestionType":"RO","Selector":"DND","SubSelector":"TX","Configuration":{"QuestionDescriptionOption":"SpecifyLabel"},"QuestionDescription":"test3_11","Choices":{"1":{"Display":"Voice A<br \/>\n<audio class=\"qmedia\" controls=\"true\" height=\"40\" preload=\"auto\" width=\"320\"><source src=\"https:\/\/raw.githubusercontent.com\/lordzuko\/speech_synthesis_report\/master\/test\/voice5_11.wav\" type=\"audio\/wav\" \/><embed class=\"qmedia\" flashconsts=\"file=https:\/\/raw.githubusercontent.com\/lordzuko\/speech_synthesis_report\/master\/test\/voice5_11.wav&amp;width=320&amp;height=20&amp;type=wav&amp;autostart=false\" height=\"20\" pluginspage=\"http:\/\/adobe.com\/flashplayer\/\" src=\"\/WRQualtricsShared\/Flash\/flvplayer.swf\" type=\"application\/x-shockwave-flash\" width=\"320\" wmode=\"transparent\" \/><\/audio>\n"},"2":{"Display":"Voice B<br \/>\n<audio class=\"qmedia\" controls=\"true\" height=\"40\" preload=\"auto\" width=\"320\"><source src=\"https:\/\/raw.githubusercontent.com\/lordzuko\/speech_synthesis_report\/master\/test\/voice7_11.wav\" type=\"audio\/wav\" \/><embed class=\"qmedia\" flashconsts=\"file=https:\/\/raw.githubusercontent.com\/lordzuko\/speech_synthesis_report\/master\/test\/voice7_11.wav&amp;width=320&amp;height=20&amp;type=wav&amp;autostart=false\" height=\"20\" pluginspage=\"http:\/\/adobe.com\/flashplayer\/\" src=\"\/WRQualtricsShared\/Flash\/flvplayer.swf\" type=\"application\/x-shockwave-flash\" width=\"320\" wmode=\"transparent\" \/><\/audio>\n"},"3":{"Display":"Voice C<br \/>\n<audio class=\"qmedia\" controls=\"true\" height=\"40\" preload=\"auto\" width=\"320\"><source src=\"https:\/\/raw.githubusercontent.com\/lordzuko\/speech_synthesis_report\/master\/test\/voice8_11.wav\" type=\"audio\/wav\" \/><embed class=\"qmedia\" flashconsts=\"file=https:\/\/raw.githubusercontent.com\/lordzuko\/speech_synthesis_report\/master\/test\/voice8_11.wav&amp;width=320&amp;height=20&amp;type=wav&amp;autostart=false\" height=\"20\" pluginspage=\"http:\/\/adobe.com\/flashplayer\/\" src=\"\/WRQualtricsShared\/Flash\/flvplayer.swf\" type=\"application\/x-shockwave-flash\" width=\"320\" wmode=\"transparent\" \/><\/audio>\n"}},"ChoiceOrder":[1,2,3],"Validation":{"Settings":{"ForceResponse":"ON","ForceResponseType":"ON","Type":"None"}},"GradingData":[],"Language":[],"NextChoiceId":4,"NextAnswerId":1,"QuestionID":"QID22","DataVisibility":{"Private":false,"Hidden":false}}},{"SurveyID":"SV_74dFf2tiNtOnHn0","Element":"SQ","PrimaryAttribute":"QID23","SecondaryAttribute":"test3_12","TertiaryAttribute":null,"Payload":{"QuestionText":"<b>Text: <\/b><u><i>Angel hair pasta needs no more than 3 minutes to cook to al dente.<\/i><\/u>","DefaultChoices":false,"DataExportTag":"Q23","QuestionType":"RO","Selector":"DND","SubSelector":"TX","Configuration":{"QuestionDescriptionOption":"SpecifyLabel"},"QuestionDescription":"test3_12","Choices":{"1":{"Display":"Voice A<br \/>\n<audio class=\"qmedia\" controls=\"true\" height=\"40\" preload=\"auto\" width=\"320\"><source src=\"https:\/\/raw.githubusercontent.com\/lordzuko\/speech_synthesis_report\/master\/test\/voice5_12.wav\" type=\"audio\/wav\" \/><embed class=\"qmedia\" flashconsts=\"file=https:\/\/raw.githubusercontent.com\/lordzuko\/speech_synthesis_report\/master\/test\/voice5_12.wav&amp;width=320&amp;height=20&amp;type=wav&amp;autostart=false\" height=\"20\" pluginspage=\"http:\/\/adobe.com\/flashplayer\/\" src=\"\/WRQualtricsShared\/Flash\/flvplayer.swf\" type=\"application\/x-shockwave-flash\" width=\"320\" wmode=\"transparent\" \/><\/audio>\n"},"2":{"Display":"Voice B<br \/>\n<audio class=\"qmedia\" controls=\"true\" height=\"40\" preload=\"auto\" width=\"320\"><source src=\"https:\/\/raw.githubusercontent.com\/lordzuko\/speech_synthesis_report\/master\/test\/voice7_12.wav\" type=\"audio\/wav\" \/><embed class=\"qmedia\" flashconsts=\"file=https:\/\/raw.githubusercontent.com\/lordzuko\/speech_synthesis_report\/master\/test\/voice7_12.wav&amp;width=320&amp;height=20&amp;type=wav&amp;autostart=false\" height=\"20\" pluginspage=\"http:\/\/adobe.com\/flashplayer\/\" src=\"\/WRQualtricsShared\/Flash\/flvplayer.swf\" type=\"application\/x-shockwave-flash\" width=\"320\" wmode=\"transparent\" \/><\/audio>\n"},"3":{"Display":"Voice C<br \/>\n<audio class=\"qmedia\" controls=\"true\" height=\"40\" preload=\"auto\" width=\"320\"><source src=\"https:\/\/raw.githubusercontent.com\/lordzuko\/speech_synthesis_report\/master\/test\/voice8_12.wav\" type=\"audio\/wav\" \/><embed class=\"qmedia\" flashconsts=\"file=https:\/\/raw.githubusercontent.com\/lordzuko\/speech_synthesis_report\/master\/test\/voice8_12.wav&amp;width=320&amp;height=20&amp;type=wav&amp;autostart=false\" height=\"20\" pluginspage=\"http:\/\/adobe.com\/flashplayer\/\" src=\"\/WRQualtricsShared\/Flash\/flvplayer.swf\" type=\"application\/x-shockwave-flash\" width=\"320\" wmode=\"transparent\" \/><\/audio>\n"}},"ChoiceOrder":[1,2,3],"Validation":{"Settings":{"ForceResponse":"ON","ForceResponseType":"ON","Type":"None"}},"GradingData":[],"Language":[],"NextChoiceId":4,"NextAnswerId":1,"QuestionID":"QID23","DataVisibility":{"Private":false,"Hidden":false}}},{"SurveyID":"SV_74dFf2tiNtOnHn0","Element":"SQ","PrimaryAttribute":"QID24","SecondaryAttribute":"test3_13","TertiaryAttribute":null,"Payload":{"QuestionText":"<b>Text:<\/b> <u><i>Add the garlic and cook until fragrant, about 1 minute, stirring constantly.<\/i><\/u>","DefaultChoices":false,"DataExportTag":"Q24","QuestionType":"RO","Selector":"DND","SubSelector":"TX","Configuration":{"QuestionDescriptionOption":"SpecifyLabel"},"QuestionDescription":"test3_13","Choices":{"1":{"Display":"Voice A<br \/>\n<audio class=\"qmedia\" controls=\"true\" height=\"40\" preload=\"auto\" width=\"320\"><source src=\"https:\/\/raw.githubusercontent.com\/lordzuko\/speech_synthesis_report\/master\/test\/voice5_13.wav\" type=\"audio\/wav\" \/><embed class=\"qmedia\" flashconsts=\"file=https:\/\/raw.githubusercontent.com\/lordzuko\/speech_synthesis_report\/master\/test\/voice5_13.wav&amp;width=320&amp;height=20&amp;type=wav&amp;autostart=false\" height=\"20\" pluginspage=\"http:\/\/adobe.com\/flashplayer\/\" src=\"\/WRQualtricsShared\/Flash\/flvplayer.swf\" type=\"application\/x-shockwave-flash\" width=\"320\" wmode=\"transparent\" \/><\/audio>\n"},"2":{"Display":"Voice B<br \/>\n<audio class=\"qmedia\" controls=\"true\" height=\"40\" preload=\"auto\" width=\"320\"><source src=\"https:\/\/raw.githubusercontent.com\/lordzuko\/speech_synthesis_report\/master\/test\/voice7_13.wav\" type=\"audio\/wav\" \/><embed class=\"qmedia\" flashconsts=\"file=https:\/\/raw.githubusercontent.com\/lordzuko\/speech_synthesis_report\/master\/test\/voice7_13.wav&amp;width=320&amp;height=20&amp;type=wav&amp;autostart=false\" height=\"20\" pluginspage=\"http:\/\/adobe.com\/flashplayer\/\" src=\"\/WRQualtricsShared\/Flash\/flvplayer.swf\" type=\"application\/x-shockwave-flash\" width=\"320\" wmode=\"transparent\" \/><\/audio>\n"},"3":{"Display":"Voice C<br \/>\n<audio class=\"qmedia\" controls=\"true\" height=\"40\" preload=\"auto\" width=\"320\"><source src=\"https:\/\/raw.githubusercontent.com\/lordzuko\/speech_synthesis_report\/master\/test\/voice8_13.wav\" type=\"audio\/wav\" \/><embed class=\"qmedia\" flashconsts=\"file=https:\/\/raw.githubusercontent.com\/lordzuko\/speech_synthesis_report\/master\/test\/voice8_13.wav&amp;width=320&amp;height=20&amp;type=wav&amp;autostart=false\" height=\"20\" pluginspage=\"http:\/\/adobe.com\/flashplayer\/\" src=\"\/WRQualtricsShared\/Flash\/flvplayer.swf\" type=\"application\/x-shockwave-flash\" width=\"320\" wmode=\"transparent\" \/><\/audio>\n"}},"ChoiceOrder":[1,2,3],"Validation":{"Settings":{"ForceResponse":"ON","ForceResponseType":"ON","Type":"None"}},"GradingData":[],"Language":[],"NextChoiceId":4,"NextAnswerId":1,"QuestionID":"QID24","DataVisibility":{"Private":false,"Hidden":false}}},{"SurveyID":"SV_74dFf2tiNtOnHn0","Element":"SQ","PrimaryAttribute":"QID18","SecondaryAttribute":"test3_2","TertiaryAttribute":null,"Payload":{"QuestionText":"<b>Text:<\/b> <u><i>Beat in flour, baking soda and baking powder<\/i><\/u>","DefaultChoices":false,"DataExportTag":"Q18","QuestionType":"RO","Selector":"DND","SubSelector":"TX","Configuration":{"QuestionDescriptionOption":"SpecifyLabel"},"QuestionDescription":"test3_2","Choices":{"1":{"Display":"Voice A<br \/>\n<audio class=\"qmedia\" controls=\"true\" height=\"40\" preload=\"auto\" width=\"320\"><source src=\"https:\/\/raw.githubusercontent.com\/lordzuko\/speech_synthesis_report\/master\/test\/voice5_2.wav\" type=\"audio\/wav\" \/><embed class=\"qmedia\" flashconsts=\"file=https:\/\/raw.githubusercontent.com\/lordzuko\/speech_synthesis_report\/master\/test\/voice5_2.wav&amp;width=320&amp;height=20&amp;type=wav&amp;autostart=false\" height=\"20\" pluginspage=\"http:\/\/adobe.com\/flashplayer\/\" src=\"\/WRQualtricsShared\/Flash\/flvplayer.swf\" type=\"application\/x-shockwave-flash\" width=\"320\" wmode=\"transparent\" \/><\/audio>\n"},"2":{"Display":"Voice B<br \/>\n<audio class=\"qmedia\" controls=\"true\" height=\"40\" preload=\"auto\" width=\"320\"><source src=\"https:\/\/raw.githubusercontent.com\/lordzuko\/speech_synthesis_report\/master\/test\/voice7_2.wav\" type=\"audio\/wav\" \/><embed class=\"qmedia\" flashconsts=\"file=https:\/\/raw.githubusercontent.com\/lordzuko\/speech_synthesis_report\/master\/test\/voice7_2.wav&amp;width=320&amp;height=20&amp;type=wav&amp;autostart=false\" height=\"20\" pluginspage=\"http:\/\/adobe.com\/flashplayer\/\" src=\"\/WRQualtricsShared\/Flash\/flvplayer.swf\" type=\"application\/x-shockwave-flash\" width=\"320\" wmode=\"transparent\" \/><\/audio>\n"},"3":{"Display":"Voice C<br \/>\n<audio class=\"qmedia\" controls=\"true\" height=\"40\" preload=\"auto\" width=\"320\"><source src=\"https:\/\/raw.githubusercontent.com\/lordzuko\/speech_synthesis_report\/master\/test\/voice8_2.wav\" type=\"audio\/wav\" \/><embed class=\"qmedia\" flashconsts=\"file=https:\/\/raw.githubusercontent.com\/lordzuko\/speech_synthesis_report\/master\/test\/voice8_2.wav&amp;width=320&amp;height=20&amp;type=wav&amp;autostart=false\" height=\"20\" pluginspage=\"http:\/\/adobe.com\/flashplayer\/\" src=\"\/WRQualtricsShared\/Flash\/flvplayer.swf\" type=\"application\/x-shockwave-flash\" width=\"320\" wmode=\"transparent\" \/><\/audio>\n"}},"ChoiceOrder":[1,2,3],"Validation":{"Settings":{"ForceResponse":"ON","ForceResponseType":"ON","Type":"None"}},"GradingData":[],"Language":[],"NextChoiceId":4,"NextAnswerId":1,"QuestionID":"QID18","DataVisibility":{"Private":false,"Hidden":false}}},{"SurveyID":"SV_74dFf2tiNtOnHn0","Element":"SQ","PrimaryAttribute":"QID25","SecondaryAttribute":"test3_20","TertiaryAttribute":null,"Payload":{"QuestionText":"<b>Text: <\/b><u><i>Two weeks passed, and in that time Thorpe left camp three times.<\/i><\/u>","DefaultChoices":false,"DataExportTag":"Q25","QuestionType":"RO","Selector":"DND","SubSelector":"TX","Configuration":{"QuestionDescriptionOption":"SpecifyLabel"},"QuestionDescription":"test3_20","Choices":{"1":{"Display":"Voice A<br \/>\n<audio class=\"qmedia\" controls=\"true\" height=\"40\" preload=\"auto\" width=\"320\"><source src=\"https:\/\/raw.githubusercontent.com\/lordzuko\/speech_synthesis_report\/master\/test\/voice5_20.wav\" type=\"audio\/wav\" \/><embed class=\"qmedia\" flashconsts=\"file=https:\/\/raw.githubusercontent.com\/lordzuko\/speech_synthesis_report\/master\/test\/voice5_20.wav&amp;width=320&amp;height=20&amp;type=wav&amp;autostart=false\" height=\"20\" pluginspage=\"http:\/\/adobe.com\/flashplayer\/\" src=\"\/WRQualtricsShared\/Flash\/flvplayer.swf\" type=\"application\/x-shockwave-flash\" width=\"320\" wmode=\"transparent\" \/><\/audio>\n"},"2":{"Display":"Voice B<br \/>\n<audio class=\"qmedia\" controls=\"true\" height=\"40\" preload=\"auto\" width=\"320\"><source src=\"https:\/\/raw.githubusercontent.com\/lordzuko\/speech_synthesis_report\/master\/test\/voice7_20.wav\" type=\"audio\/wav\" \/><embed class=\"qmedia\" flashconsts=\"file=https:\/\/raw.githubusercontent.com\/lordzuko\/speech_synthesis_report\/master\/test\/voice7_20.wav&amp;width=320&amp;height=20&amp;type=wav&amp;autostart=false\" height=\"20\" pluginspage=\"http:\/\/adobe.com\/flashplayer\/\" src=\"\/WRQualtricsShared\/Flash\/flvplayer.swf\" type=\"application\/x-shockwave-flash\" width=\"320\" wmode=\"transparent\" \/><\/audio>\n"},"3":{"Display":"Voice C<br \/>\n<audio class=\"qmedia\" controls=\"true\" height=\"40\" preload=\"auto\" width=\"320\"><source src=\"https:\/\/raw.githubusercontent.com\/lordzuko\/speech_synthesis_report\/master\/test\/voice8_20.wav\" type=\"audio\/wav\" \/><embed class=\"qmedia\" flashconsts=\"file=https:\/\/raw.githubusercontent.com\/lordzuko\/speech_synthesis_report\/master\/test\/voice8_20.wav&amp;width=320&amp;height=20&amp;type=wav&amp;autostart=false\" height=\"20\" pluginspage=\"http:\/\/adobe.com\/flashplayer\/\" src=\"\/WRQualtricsShared\/Flash\/flvplayer.swf\" type=\"application\/x-shockwave-flash\" width=\"320\" wmode=\"transparent\" \/><\/audio>\n"}},"ChoiceOrder":["1","2","3"],"Validation":{"Settings":{"ForceResponse":"ON","ForceResponseType":"ON","Type":"None"}},"GradingData":[],"Language":[],"NextChoiceId":4,"NextAnswerId":1,"QuestionID":"QID25","DataVisibility":{"Private":false,"Hidden":false}}},{"SurveyID":"SV_74dFf2tiNtOnHn0","Element":"SQ","PrimaryAttribute":"QID26","SecondaryAttribute":"test3_22","TertiaryAttribute":null,"Payload":{"QuestionText":"<b>Text: <\/b><u><i>Beyond refusing to sell us food, they left us to ourselves.<\/i><\/u>","DefaultChoices":false,"DataExportTag":"Q26","QuestionType":"RO","Selector":"DND","SubSelector":"TX","Configuration":{"QuestionDescriptionOption":"SpecifyLabel"},"QuestionDescription":"test3_22","Choices":{"1":{"Display":"Voice A<br \/>\n<audio class=\"qmedia\" controls=\"true\" height=\"40\" preload=\"auto\" width=\"320\"><source src=\"https:\/\/raw.githubusercontent.com\/lordzuko\/speech_synthesis_report\/master\/test\/voice5_22.wav\" type=\"audio\/wav\" \/><embed class=\"qmedia\" flashconsts=\"file=https:\/\/raw.githubusercontent.com\/lordzuko\/speech_synthesis_report\/master\/test\/voice5_22.wav&amp;width=320&amp;height=20&amp;type=wav&amp;autostart=false\" height=\"20\" pluginspage=\"http:\/\/adobe.com\/flashplayer\/\" src=\"\/WRQualtricsShared\/Flash\/flvplayer.swf\" type=\"application\/x-shockwave-flash\" width=\"320\" wmode=\"transparent\" \/><\/audio>\n"},"2":{"Display":"Voice B<br \/>\n<audio class=\"qmedia\" controls=\"true\" height=\"40\" preload=\"auto\" width=\"320\"><source src=\"https:\/\/raw.githubusercontent.com\/lordzuko\/speech_synthesis_report\/master\/test\/voice7_22.wav\" type=\"audio\/wav\" \/><embed class=\"qmedia\" flashconsts=\"file=https:\/\/raw.githubusercontent.com\/lordzuko\/speech_synthesis_report\/master\/test\/voice7_22.wav&amp;width=320&amp;height=20&amp;type=wav&amp;autostart=false\" height=\"20\" pluginspage=\"http:\/\/adobe.com\/flashplayer\/\" src=\"\/WRQualtricsShared\/Flash\/flvplayer.swf\" type=\"application\/x-shockwave-flash\" width=\"320\" wmode=\"transparent\" \/><\/audio>\n"},"3":{"Display":"Voice C<br \/>\n<audio class=\"qmedia\" controls=\"true\" height=\"40\" preload=\"auto\" width=\"320\"><source src=\"https:\/\/raw.githubusercontent.com\/lordzuko\/speech_synthesis_report\/master\/test\/voice8_22.wav\" type=\"audio\/wav\" \/><embed class=\"qmedia\" flashconsts=\"file=https:\/\/raw.githubusercontent.com\/lordzuko\/speech_synthesis_report\/master\/test\/voice8_22.wav&amp;width=320&amp;height=20&amp;type=wav&amp;autostart=false\" height=\"20\" pluginspage=\"http:\/\/adobe.com\/flashplayer\/\" src=\"\/WRQualtricsShared\/Flash\/flvplayer.swf\" type=\"application\/x-shockwave-flash\" width=\"320\" wmode=\"transparent\" \/><\/audio>\n"}},"ChoiceOrder":["1","2","3"],"Validation":{"Settings":{"ForceResponse":"ON","ForceResponseType":"ON","Type":"None"}},"GradingData":[],"Language":[],"NextChoiceId":4,"NextAnswerId":1,"QuestionID":"QID26","DataVisibility":{"Private":false,"Hidden":false}}},{"SurveyID":"SV_74dFf2tiNtOnHn0","Element":"SQ","PrimaryAttribute":"QID19","SecondaryAttribute":"test3_4","TertiaryAttribute":null,"Payload":{"QuestionText":"<b>Text:<\/b> <u><i>Cut in the lard with a pastry blender or two knives, until the mixture resembles coarse oatmeal<\/i><\/u>","DefaultChoices":false,"DataExportTag":"Q19","QuestionType":"RO","Selector":"DND","SubSelector":"TX","Configuration":{"QuestionDescriptionOption":"SpecifyLabel"},"QuestionDescription":"test3_4","Choices":{"1":{"Display":"Voice A<br \/>\n<audio class=\"qmedia\" controls=\"true\" height=\"40\" preload=\"auto\" width=\"320\"><source src=\"https:\/\/raw.githubusercontent.com\/lordzuko\/speech_synthesis_report\/master\/test\/voice5_4.wav\" type=\"audio\/wav\" \/><embed class=\"qmedia\" flashconsts=\"file=https:\/\/raw.githubusercontent.com\/lordzuko\/speech_synthesis_report\/master\/test\/voice5_4.wav&amp;width=320&amp;height=20&amp;type=wav&amp;autostart=false\" height=\"20\" pluginspage=\"http:\/\/adobe.com\/flashplayer\/\" src=\"\/WRQualtricsShared\/Flash\/flvplayer.swf\" type=\"application\/x-shockwave-flash\" width=\"320\" wmode=\"transparent\" \/><\/audio>\n"},"2":{"Display":"Voice B<br \/>\n<audio class=\"qmedia\" controls=\"true\" height=\"40\" preload=\"auto\" width=\"320\"><source src=\"https:\/\/raw.githubusercontent.com\/lordzuko\/speech_synthesis_report\/master\/test\/voice7_4.wav\" type=\"audio\/wav\" \/><embed class=\"qmedia\" flashconsts=\"file=https:\/\/raw.githubusercontent.com\/lordzuko\/speech_synthesis_report\/master\/test\/voice7_4.wav&amp;width=320&amp;height=20&amp;type=wav&amp;autostart=false\" height=\"20\" pluginspage=\"http:\/\/adobe.com\/flashplayer\/\" src=\"\/WRQualtricsShared\/Flash\/flvplayer.swf\" type=\"application\/x-shockwave-flash\" width=\"320\" wmode=\"transparent\" \/><\/audio>\n"},"3":{"Display":"Voice C<br \/>\n<audio class=\"qmedia\" controls=\"true\" height=\"40\" preload=\"auto\" width=\"320\"><source src=\"https:\/\/raw.githubusercontent.com\/lordzuko\/speech_synthesis_report\/master\/test\/voice8_4.wav\" type=\"audio\/wav\" \/><embed class=\"qmedia\" flashconsts=\"file=https:\/\/raw.githubusercontent.com\/lordzuko\/speech_synthesis_report\/master\/test\/voice8_4.wav&amp;width=320&amp;height=20&amp;type=wav&amp;autostart=false\" height=\"20\" pluginspage=\"http:\/\/adobe.com\/flashplayer\/\" src=\"\/WRQualtricsShared\/Flash\/flvplayer.swf\" type=\"application\/x-shockwave-flash\" width=\"320\" wmode=\"transparent\" \/><\/audio>\n"}},"ChoiceOrder":[1,2,3],"Validation":{"Settings":{"ForceResponse":"ON","ForceResponseType":"ON","Type":"None"}},"GradingData":[],"Language":[],"NextChoiceId":4,"NextAnswerId":1,"QuestionID":"QID19","DataVisibility":{"Private":false,"Hidden":false}}},{"SurveyID":"SV_74dFf2tiNtOnHn0","Element":"SQ","PrimaryAttribute":"QID20","SecondaryAttribute":"test3_8","TertiaryAttribute":null,"Payload":{"QuestionText":"<b>Text: <\/b><u><i>Stir in the peppermint extract once the mixture is melted smooth<\/i><\/u>","DefaultChoices":false,"DataExportTag":"Q20","QuestionType":"RO","Selector":"DND","SubSelector":"TX","Configuration":{"QuestionDescriptionOption":"SpecifyLabel"},"QuestionDescription":"test3_8","Choices":{"1":{"Display":"Voice A<br \/>\n<audio class=\"qmedia\" controls=\"true\" height=\"40\" preload=\"auto\" width=\"320\"><source src=\"https:\/\/raw.githubusercontent.com\/lordzuko\/speech_synthesis_report\/master\/test\/voice5_8.wav\" type=\"audio\/wav\" \/><embed class=\"qmedia\" flashconsts=\"file=https:\/\/raw.githubusercontent.com\/lordzuko\/speech_synthesis_report\/master\/test\/voice5_8.wav&amp;width=320&amp;height=20&amp;type=wav&amp;autostart=false\" height=\"20\" pluginspage=\"http:\/\/adobe.com\/flashplayer\/\" src=\"\/WRQualtricsShared\/Flash\/flvplayer.swf\" type=\"application\/x-shockwave-flash\" width=\"320\" wmode=\"transparent\" \/><\/audio>\n"},"2":{"Display":"Voice B<br \/>\n<audio class=\"qmedia\" controls=\"true\" height=\"40\" preload=\"auto\" width=\"320\"><source src=\"https:\/\/raw.githubusercontent.com\/lordzuko\/speech_synthesis_report\/master\/test\/voice7_8.wav\" type=\"audio\/wav\" \/><embed class=\"qmedia\" flashconsts=\"file=https:\/\/raw.githubusercontent.com\/lordzuko\/speech_synthesis_report\/master\/test\/voice7_8.wav&amp;width=320&amp;height=20&amp;type=wav&amp;autostart=false\" height=\"20\" pluginspage=\"http:\/\/adobe.com\/flashplayer\/\" src=\"\/WRQualtricsShared\/Flash\/flvplayer.swf\" type=\"application\/x-shockwave-flash\" width=\"320\" wmode=\"transparent\" \/><\/audio>\n"},"3":{"Display":"Voice C<br \/>\n<audio class=\"qmedia\" controls=\"true\" height=\"40\" preload=\"auto\" width=\"320\"><source src=\"https:\/\/raw.githubusercontent.com\/lordzuko\/speech_synthesis_report\/master\/test\/voice8_8.wav\" type=\"audio\/wav\" \/><embed class=\"qmedia\" flashconsts=\"file=https:\/\/raw.githubusercontent.com\/lordzuko\/speech_synthesis_report\/master\/test\/voice8_8.wav&amp;width=320&amp;height=20&amp;type=wav&amp;autostart=false\" height=\"20\" pluginspage=\"http:\/\/adobe.com\/flashplayer\/\" src=\"\/WRQualtricsShared\/Flash\/flvplayer.swf\" type=\"application\/x-shockwave-flash\" width=\"320\" wmode=\"transparent\" \/><\/audio>\n"}},"ChoiceOrder":[1,2,3],"Validation":{"Settings":{"ForceResponse":"ON","ForceResponseType":"ON","Type":"None"}},"GradingData":[],"Language":[],"NextChoiceId":4,"NextAnswerId":1,"QuestionID":"QID20","DataVisibility":{"Private":false,"Hidden":false}}},{"SurveyID":"SV_74dFf2tiNtOnHn0","Element":"SQ","PrimaryAttribute":"QID21","SecondaryAttribute":"test3_9","TertiaryAttribute":null,"Payload":{"QuestionText":"<b>Text: <\/b><u><i>For the cinnamon swirl, in a small bowl, combine butter, flour, brown sugar, and cinnamon.<\/i><\/u>","DefaultChoices":false,"DataExportTag":"Q21","QuestionType":"RO","Selector":"DND","SubSelector":"TX","Configuration":{"QuestionDescriptionOption":"SpecifyLabel"},"QuestionDescription":"test3_9","Choices":{"1":{"Display":"Voice A<br \/>\n<audio class=\"qmedia\" controls=\"true\" height=\"40\" preload=\"auto\" width=\"320\"><source src=\"https:\/\/raw.githubusercontent.com\/lordzuko\/speech_synthesis_report\/master\/test\/voice5_9.wav\" type=\"audio\/wav\" \/><embed class=\"qmedia\" flashconsts=\"file=https:\/\/raw.githubusercontent.com\/lordzuko\/speech_synthesis_report\/master\/test\/voice5_9.wav&amp;width=320&amp;height=20&amp;type=wav&amp;autostart=false\" height=\"20\" pluginspage=\"http:\/\/adobe.com\/flashplayer\/\" src=\"\/WRQualtricsShared\/Flash\/flvplayer.swf\" type=\"application\/x-shockwave-flash\" width=\"320\" wmode=\"transparent\" \/><\/audio>\n"},"2":{"Display":"Voice B<br \/>\n<audio class=\"qmedia\" controls=\"true\" height=\"40\" preload=\"auto\" width=\"320\"><source src=\"https:\/\/raw.githubusercontent.com\/lordzuko\/speech_synthesis_report\/master\/test\/voice7_9.wav\" type=\"audio\/wav\" \/><embed class=\"qmedia\" flashconsts=\"file=https:\/\/raw.githubusercontent.com\/lordzuko\/speech_synthesis_report\/master\/test\/voice7_9.wav&amp;width=320&amp;height=20&amp;type=wav&amp;autostart=false\" height=\"20\" pluginspage=\"http:\/\/adobe.com\/flashplayer\/\" src=\"\/WRQualtricsShared\/Flash\/flvplayer.swf\" type=\"application\/x-shockwave-flash\" width=\"320\" wmode=\"transparent\" \/><\/audio>\n"},"3":{"Display":"Voice C<br \/>\n<audio class=\"qmedia\" controls=\"true\" height=\"40\" preload=\"auto\" width=\"320\"><source src=\"https:\/\/raw.githubusercontent.com\/lordzuko\/speech_synthesis_report\/master\/test\/voice8_9.wav\" type=\"audio\/wav\" \/><embed class=\"qmedia\" flashconsts=\"file=https:\/\/raw.githubusercontent.com\/lordzuko\/speech_synthesis_report\/master\/test\/voice8_9.wav&amp;width=320&amp;height=20&amp;type=wav&amp;autostart=false\" height=\"20\" pluginspage=\"http:\/\/adobe.com\/flashplayer\/\" src=\"\/WRQualtricsShared\/Flash\/flvplayer.swf\" type=\"application\/x-shockwave-flash\" width=\"320\" wmode=\"transparent\" \/><\/audio>\n"}},"ChoiceOrder":[1,2,3],"Validation":{"Settings":{"ForceResponse":"ON","ForceResponseType":"ON","Type":"None"}},"GradingData":[],"Language":[],"NextChoiceId":6,"NextAnswerId":1,"QuestionID":"QID21","DynamicChoicesData":[],"DataVisibility":{"Private":false,"Hidden":false}}}]}